PODS:
  - Adjust (4.33.4):
    - Adjust/Core (= 4.33.4)
  - Adjust/Core (4.33.4)
  - BrazeKit (5.11.0)
  - Flutter (1.0.0)
  - flutter_segment_plus (0.0.1):
    - Adjust (~> 4.33.4)
    - Flutter
    - Segment (~> 1.3.4)
    - SegmentBrazeCircusCustom (~> 1.0.1)
    - SegmentSwiftAmplitude (~> 1.1.6)
  - Segment (1.3.4):
    - Sovran (~> 1.0.2)
  - SegmentBrazeCircusCustom (1.0.1):
    - BrazeKit (~> 5.11.0)
    - Segment (~> 1.3.4)
  - SegmentSwiftAmplitude (1.1.6):
    - Segment (~> 1.3.4)
  - Sovran (1.0.2)

DEPENDENCIES:
  - Flutter (from `Flutter`)
  - flutter_segment_plus (from `.symlinks/plugins/flutter_segment_plus/ios`)

SPEC REPOS:
  https://github.com/circus-kitchens/cocoapods.git:
    - Segment
    - SegmentBrazeCircusCustom
    - SegmentSwiftAmplitude
    - Sovran
  trunk:
    - Adjust
    - BrazeKit

EXTERNAL SOURCES:
  Flutter:
    :path: Flutter
  flutter_segment_plus:
    :path: ".symlinks/plugins/flutter_segment_plus/ios"

SPEC CHECKSUMS:
  Adjust: 4690e07ea401ee56d4d3f4f5bdad86c94f51903f
  BrazeKit: 029ce86b1479d44b57e57e21039f786397d37c81
  Flutter: f04841e97a9d0b0a8025694d0796dd46242b2854
  flutter_segment_plus: 4c142ebd38e200a73c106b5c7931c148bbc4eeb9
  Segment: f89f06f6e59e83e9db113e441c914f4bd329d1b1
  SegmentBrazeCircusCustom: 90016db464f560b3e1dee4c7b924ea6cf0de6cb8
  SegmentSwiftAmplitude: 88a9be71adb8bb1192898d49893b479517076b3b
  Sovran: d2583dc3ac0088b74024358a0158af5ec7528b01

PODFILE CHECKSUM: 3ab308be0aa880e654cb745f4ee98dd4d332682c

COCOAPODS: 1.12.0
