PODS:
  - Adjust (4.33.6):
    - Adjust/Core (= 4.33.6)
  - Adjust/Core (4.33.6)
  - BrazeKit (6.3.1)
  - Flutter (1.0.0)
  - flutter_segment_plus (0.0.1):
    - Adjust (~> 4.33.4)
    - Flutter
    - Segment (~> 1.3.4)
    - SegmentBrazeCircusCustom (~> 2.0.0)
    - SegmentSwiftAmplitude (~> 1.1.6)
  - Segment (1.3.4):
    - Sovran (~> 1.0.2)
  - SegmentBrazeCircusCustom (2.0.0):
    - BrazeKit (~> 6.3.0)
    - Segment (~> 1.3.4)
  - SegmentSwiftAmplitude (1.1.6):
    - Segment (~> 1.3.4)
  - Sovran (1.0.2)

DEPENDENCIES:
  - Flutter (from `Flutter`)
  - flutter_segment_plus (from `.symlinks/plugins/flutter_segment_plus/ios`)

SPEC REPOS:
  https://github.com/circus-kitchens/cocoapods.git:
    - Segment
    - SegmentBrazeCircusCustom
    - SegmentSwiftAmplitude
    - Sovran
  trunk:
    - Adjust
    - BrazeKit

EXTERNAL SOURCES:
  Flutter:
    :path: Flutter
  flutter_segment_plus:
    :path: ".symlinks/plugins/flutter_segment_plus/ios"

SPEC CHECKSUMS:
  Adjust: c3b6c3734928a617fefce81dc223fd5f104162be
  BrazeKit: da969530d445eb2d107f5ec27d44d5eb21f1d3e9
  Flutter: f04841e97a9d0b0a8025694d0796dd46242b2854
  flutter_segment_plus: 38b9bb52a2bb636d2e03c07782a7abca45ff99ee
  Segment: f89f06f6e59e83e9db113e441c914f4bd329d1b1
  SegmentBrazeCircusCustom: 17870aed5d2ead73ef1e599124a3d7922acdc48f
  SegmentSwiftAmplitude: 88a9be71adb8bb1192898d49893b479517076b3b
  Sovran: d2583dc3ac0088b74024358a0158af5ec7528b01

PODFILE CHECKSUM: 3ab308be0aa880e654cb745f4ee98dd4d332682c

COCOAPODS: 1.12.1
